
Microsoft Visual Studio Solution File, Format Version 12.00
# Visual Studio Version 16
VisualStudioVersion = 16.0.31613.86
MinimumVisualStudioVersion = 10.0.40219.1
Project("{9A19103F-16F7-4668-BE54-9A1E7A4F7556}") = "SistemaBorrador", "SistemaBorrador\SistemaBorrador.csproj", "{E91A8DEC-2AB1-4CC6-B232-9FC13A5E157C}"
EndProject
Global
	GlobalSection(SolutionConfigurationPlatforms) = preSolution
		Debug|Any CPU = Debug|Any CPU
		Release|Any CPU = Release|Any CPU
	EndGlobalSection
	GlobalSection(ProjectConfigurationPlatforms) = postSolution
		{E91A8DEC-2AB1-4CC6-B232-9FC13A5E157C}.Debug|Any CPU.ActiveCfg = Debug|Any CPU
		{E91A8DEC-2AB1-4CC6-B232-9FC13A5E157C}.Debug|Any CPU.Build.0 = Debug|Any CPU
		{E91A8DEC-2AB1-4CC6-B232-9FC13A5E157C}.Release|Any CPU.ActiveCfg = Release|Any CPU
		{E91A8DEC-2AB1-4CC6-B232-9FC13A5E157C}.Release|Any CPU.Build.0 = Release|Any CPU
	EndGlobalSection
	GlobalSection(SolutionProperties) = preSolution
		HideSolutionNode = FALSE
	EndGlobalSection
	GlobalSection(ExtensibilityGlobals) = postSolution
		SolutionGuid = {1723550F-D865-48A6-9DD1-EDEED206350B}
	EndGlobalSection
EndGlobal
